// !$*UTF8*$!
{
	archiveVersion = 1;
	classes = {
	};
	objectVersion = 77;
	objects = {

/* Begin PBXContainerItemProxy section */
		F3EA929B2F5AEAAE0029B8E1 /* PBXContainerItemProxy */ = {
			isa = PBXContainerItemProxy;
			containerPortal = F3EA927E2F5AEAAC0029B8E1 /* Project object */;
			proxyType = 1;
			remoteGlobalIDString = F3EA92852F5AEAAC0029B8E1;
			remoteInfo = PunchCounter;
		};
		F3EA92A52F5AEAAE0029B8E1 /* PBXContainerItemProxy */ = {
			isa = PBXContainerItemProxy;
			containerPortal = F3EA927E2F5AEAAC0029B8E1 /* Project object */;
			proxyType = 1;
			remoteGlobalIDString = F3EA92852F5AEAAC0029B8E1;
			remoteInfo = PunchCounter;
		};
/* End PBXContainerItemProxy section */

/* Begin PBXFileReference section */
		F3EA92862F5AEAAC0029B8E1 /* PunchCounter.app */ = {isa = PBXFileReference; explicitFileType = wrapper.application; includeInIndex = 0; path = PunchCounter.app; sourceTree = BUILT_PRODUCTS_DIR; };
		F3EA929A2F5AEAAE0029B8E1 /* PunchCounterTests.xctest */ = {isa = PBXFileReference; explicitFileType = wrapper.cfbundle; includeInIndex = 0; path = PunchCounterTests.xctest; sourceTree = BUILT_PRODUCTS_DIR; };
		F3EA92A42F5AEAAE0029B8E1 /* PunchCounterUITests.xctest */ = {isa = PBXFileReference; explicitFileType = wrapper.cfbundle; includeInIndex = 0; path = PunchCounterUITests.xctest; sourceTree = BUILT_PRODUCTS_DIR; };
/* End PBXFileReference section */

/* Begin PBXFileSystemSynchronizedBuildFileExceptionSet section */
		F3EA92AC2F5AEAAE0029B8E1 /* Exceptions for "PunchCounter" folder in "PunchCounter" target */ = {
			isa = PBXFileSystemSynchronizedBuildFileExceptionSet;
			membershipExceptions = (
				Info.plist,
			);
			target = F3EA92852F5AEAAC0029B8E1 /* PunchCounter */;
		};
/* End PBXFileSystemSynchronizedBuildFileExceptionSet section */

/* Begin PBXFileSystemSynchronizedRootGroup section */
		F3EA92882F5AEAAC0029B8E1 /* PunchCounter */ = {
			isa = PBXFileSystemSynchronizedRootGroup;
			exceptions = (
				F3EA92AC2F5AEAAE0029B8E1 /* Exceptions for "PunchCounter" folder in "PunchCounter" target */,
			);
			path = PunchCounter;
			sourceTree = "<group>";
		};
		F3EA929D2F5AEAAE0029B8E1 /* PunchCounterTests */ = {
			isa = PBXFileSystemSynchronizedRootGroup;
			path = PunchCounterTests;
			sourceTree = "<group>";
		};
		F3EA92A72F5AEAAE0029B8E1 /* PunchCounterUITests */ = {
			isa = PBXFileSystemSynchronizedRootGroup;
			path = PunchCounterUITests;
			sourceTree = "<group>";
		};
/* End PBXFileSystemSynchronizedRootGroup section */

/* Begin PBXFrameworksBuildPhase section */
		F3EA92832F5AEAAC0029B8E1 /* Frameworks */ = {
			isa = PBXFrameworksBuildPhase;
			buildActionMask = 2147483647;
			files = (
			);
			runOnlyForDeploymentPostprocessing = 0;
		};
		F3EA92972F5AEAAE0029B8E1 /* Frameworks */ = {
			isa = PBXFrameworksBuildPhase;
			buildActionMask = 2147483647;
			files = (
			);
			runOnlyForDeploymentPostprocessing = 0;
		};
		F3EA92A12F5AEAAE0029B8E1 /* Frameworks */ = {
			isa = PBXFrameworksBuildPhase;
			buildActionMask = 2147483647;
			files = (
			);
			runOnlyForDeploymentPostprocessing = 0;
		};
/* End PBXFrameworksBuildPhase section */

/* Begin PBXGroup section */
		F3EA927D2F5AEAAC0029B8E1 = {
			isa = PBXGroup;
			children = (
				F3EA92882F5AEAAC0029B8E1 /* PunchCounter */,
				F3EA929D2F5AEAAE0029B8E1 /* PunchCounterTests */,
				F3EA92A72F5AEAAE0029B8E1 /* PunchCounterUITests */,
				F3EA92872F5AEAAC0029B8E1 /* Products */,
			);
			sourceTree = "<group>";
		};
		F3EA92872F5AEAAC0029B8E1 /* Products */ = {
			isa = PBXGroup;
			children = (
				F3EA92862F5AEAAC0029B8E1 /* PunchCounter.app */,
				F3EA929A2F5AEAAE0029B8E1 /* PunchCounterTests.xctest */,
				F3EA92A42F5AEAAE0029B8E1 /* PunchCounterUITests.xctest */,
			);
			name = Products;
			sourceTree = "<group>";
		};
/* End PBXGroup section */

/* Begin PBXNativeTarget section */
		F3EA92852F5AEAAC0029B8E1 /* PunchCounter */ = {
			isa = PBXNativeTarget;
			buildConfigurationList = F3EA92AD2F5AEAAE0029B8E1 /* Build configuration list for PBXNativeTarget "PunchCounter" */;
			buildPhases = (
				F3EA92822F5AEAAC0029B8E1 /* Sources */,
				F3EA92832F5AEAAC0029B8E1 /* Frameworks */,
				F3EA92842F5AEAAC0029B8E1 /* Resources */,
			);
			buildRules = (
			);
			dependencies = (
			);
			fileSystemSynchronizedGroups = (
				F3EA92882F5AEAAC0029B8E1 /* PunchCounter */,
			);
			name = PunchCounter;
			packageProductDependencies = (
			);
			productName = PunchCounter;
			productReference = F3EA92862F5AEAAC0029B8E1 /* PunchCounter.app */;
			productType = "com.apple.product-type.application";
		};
		F3EA92992F5AEAAE0029B8E1 /* PunchCounterTests */ = {
			isa = PBXNativeTarget;
			buildConfigurationList = F3EA92B22F5AEAAE0029B8E1 /* Build configuration list for PBXNativeTarget "PunchCounterTests" */;
			buildPhases = (
				F3EA92962F5AEAAE0029B8E1 /* Sources */,
				F3EA92972F5AEAAE0029B8E1 /* Frameworks */,
				F3EA92982F5AEAAE0029B8E1 /* Resources */,
			);
			buildRules = (
			);
			dependencies = (
				F3EA929C2F5AEAAE0029B8E1 /* PBXTargetDependency */,
			);
			fileSystemSynchronizedGroups = (
				F3EA929D2F5AEAAE0029B8E1 /* PunchCounterTests */,
			);
			name = PunchCounterTests;
			packageProductDependencies = (
			);
			productName = PunchCounterTests;
			productReference = F3EA929A2F5AEAAE0029B8E1 /* PunchCounterTests.xctest */;
			productType = "com.apple.product-type.bundle.unit-test";
		};
		F3EA92A32F5AEAAE0029B8E1 /* PunchCounterUITests */ = {
			isa = PBXNativeTarget;
			buildConfigurationList = F3EA92B52F5AEAAE0029B8E1 /* Build configuration list for PBXNativeTarget "PunchCounterUITests" */;
			buildPhases = (
				F3EA92A02F5AEAAE0029B8E1 /* Sources */,
				F3EA92A12F5AEAAE0029B8E1 /* Frameworks */,
				F3EA92A22F5AEAAE0029B8E1 /* Resources */,
			);
			buildRules = (
			);
			dependencies = (
				F3EA92A62F5AEAAE0029B8E1 /* PBXTargetDependency */,
			);
			fileSystemSynchronizedGroups = (
				F3EA92A72F5AEAAE0029B8E1 /* PunchCounterUITests */,
			);
			name = PunchCounterUITests;
			packageProductDependencies = (
			);
			productName = PunchCounterUITests;
			productReference = F3EA92A42F5AEAAE0029B8E1 /* PunchCounterUITests.xctest */;
			productType = "com.apple.product-type.bundle.ui-testing";
		};
/* End PBXNativeTarget section */

/* Begin PBXProject section */
		F3EA927E2F5AEAAC0029B8E1 /* Project object */ = {
			isa = PBXProject;
			attributes = {
				BuildIndependentTargetsInParallel = 1;
				LastSwiftUpdateCheck = 2610;
				LastUpgradeCheck = 2610;
				TargetAttributes = {
					F3EA92852F5AEAAC0029B8E1 = {
						CreatedOnToolsVersion = 26.1.1;
					};
					F3EA92992F5AEAAE0029B8E1 = {
						CreatedOnToolsVersion = 26.1.1;
						TestTargetID = F3EA92852F5AEAAC0029B8E1;
					};
					F3EA92A32F5AEAAE0029B8E1 = {
						CreatedOnToolsVersion = 26.1.1;
						TestTargetID = F3EA92852F5AEAAC0029B8E1;
					};
				};
			};
			buildConfigurationList = F3EA92812F5AEAAC0029B8E1 /* Build configuration list for PBXProject "PunchCounter" */;
			developmentRegion = en;
			hasScannedForEncodings = 0;
			knownRegions = (
				en,
				Base,
			);
			mainGroup = F3EA927D2F5AEAAC0029B8E1;
			minimizedProjectReferenceProxies = 1;
			preferredProjectObjectVersion = 77;
			productRefGroup = F3EA92872F5AEAAC0029B8E1 /* Products */;
			projectDirPath = "";
			projectRoot = "";
			targets = (
				F3EA92852F5AEAAC0029B8E1 /* PunchCounter */,
				F3EA92992F5AEAAE0029B8E1 /* PunchCounterTests */,
				F3EA92A32F5AEAAE0029B8E1 /* PunchCounterUITests */,
			);
		};
/* End PBXProject section */

/* Begin PBXResourcesBuildPhase section */
		F3EA92842F5AEAAC0029B8E1 /* Resources */ = {
			isa = PBXResourcesBuildPhase;
			buildActionMask = 2147483647;
			files = (
			);
			runOnlyForDeploymentPostprocessing = 0;
		};
		F3EA92982F5AEAAE0029B8E1 /* Resources */ = {
			isa = PBXResourcesBuildPhase;
			buildActionMask = 2147483647;
			files = (
			);
			runOnlyForDeploymentPostprocessing = 0;
		};
		F3EA92A22F5AEAAE0029B8E1 /* Resources */ = {
			isa = PBXResourcesBuildPhase;
			buildActionMask = 2147483647;
			files = (
			);
			runOnlyForDeploymentPostprocessing = 0;
		};
/* End PBXResourcesBuildPhase section */

/* Begin PBXSourcesBuildPhase section */
		F3EA92822F5AEAAC0029B8E1 /* Sources */ = {
			isa = PBXSourcesBuildPhase;
			buildActionMask = 2147483647;
			files = (
			);
			runOnlyForDeploymentPostprocessing = 0;
		};
		F3EA92962F5AEAAE0029B8E1 /* Sources */ = {
			isa = PBXSourcesBuildPhase;
			buildActionMask = 2147483647;
			files = (
			);
			runOnlyForDeploymentPostprocessing = 0;
		};
		F3EA92A02F5AEAAE0029B8E1 /* Sources */ = {
			isa = PBXSourcesBuildPhase;
			buildActionMask = 2147483647;
			files = (
			);
			runOnlyForDeploymentPostprocessing = 0;
		};
/* End PBXSourcesBuildPhase section */

/* Begin PBXTargetDependency section */
		F3EA929C2F5AEAAE0029B8E1 /* PBXTargetDependency */ = {
			isa = PBXTargetDependency;
			target = F3EA92852F5AEAAC0029B8E1 /* PunchCounter */;
			targetProxy = F3EA929B2F5AEAAE0029B8E1 /* PBXContainerItemProxy */;
		};
		F3EA92A62F5AEAAE0029B8E1 /* PBXTargetDependency */ = {
			isa = PBXTargetDependency;
			target = F3EA92852F5AEAAC0029B8E1 /* PunchCounter */;
			targetProxy = F3EA92A52F5AEAAE0029B8E1 /* PBXContainerItemProxy */;
		};
/* End PBXTargetDependency section */

/* Begin XCBuildConfiguration section */
		F3EA92AE2F5AEAAE0029B8E1 /* Debug */ = {
			isa = XCBuildConfiguration;
			buildSettings = {
				ASSETCATALOG_COMPILER_APPICON_NAME = AppIcon;
				ASSETCATALOG_COMPILER_GLOBAL_ACCENT_COLOR_NAME = AccentColor;
				CODE_SIGN_ENTITLEMENTS = PunchCounter/PunchCounter.entitlements;
				CODE_SIGN_STYLE = Automatic;
				CURRENT_PROJECT_VERSION = 1;
				ENABLE_PREVIEWS = YES;
				GENERATE_INFOPLIST_FILE = YES;
				INFOPLIST_FILE = PunchCounter/Info.plist;
				INFOPLIST_KEY_UIApplicationSceneManifest_Generation = YES;
				INFOPLIST_KEY_UIApplicationSupportsIndirectInputEvents = YES;
				INFOPLIST_KEY_UILaunchScreen_Generation = YES;
				INFOPLIST_KEY_UISupportedInterfaceOrientations_iPad = "UIInterfaceOrientationPortrait UIInterfaceOrientationPortraitUpsideDown UIInterfaceOrientationLandscapeLeft UIInterfaceOrientationLandscapeRight";
				INFOPLIST_KEY_UISupportedInterfaceOrientations_iPhone = "UIInterfaceOrientationPortrait UIInterfaceOrientationLandscapeLeft UIInterfaceOrientationLandscapeRight";
				LD_RUNPATH_SEARCH_PATHS = (
					"$(inherited)",
					"@executable_path/Frameworks",
				);
				MARKETING_VERSION = 1.0;
				PRODUCT_BUNDLE_IDENTIFIER = org.solutica.PunchCounter;
				PRODUCT_NAME = "$(TARGET_NAME)";
				STRING_CATALOG_GENERATE_SYMBOLS = YES;
				SWIFT_APPROACHABLE_CONCURRENCY = YES;
				SWIFT_DEFAULT_ACTOR_ISOLATION = MainActor;
				SWIFT_EMIT_LOC_STRINGS = YES;
				SWIFT_UPCOMING_FEATURE_MEMBER_IMPORT_VISIBILITY = YES;
				SWIFT_VERSION = 5.0;
				TARGETED_DEVICE_FAMILY = "1,2";
			};
			name = Debug;
		};
		F3EA92AF2F5AEAAE0029B8E1 /* Release */ = {
			isa = XCBuildConfiguration;
			buildSettings = {
				ASSETCATALOG_COMPILER_APPICON_NAME = AppIcon;
				ASSETCATALOG_COMPILER_GLOBAL_ACCENT_COLOR_NAME = AccentColor;
				CODE_SIGN_ENTITLEMENTS = PunchCounter/PunchCounter.entitlements;
				CODE_SIGN_STYLE = Automatic;
				CURRENT_PROJECT_VERSION = 1;
				ENABLE_PREVIEWS = YES;
				GENERATE_INFOPLIST_FILE = YES;
				INFOPLIST_FILE = PunchCounter/Info.plist;
				INFOPLIST_KEY_UIApplicationSceneManifest_Generation = YES;
				INFOPLIST_KEY_UIApplicationSupportsIndirectInputEvents = YES;
				INFOPLIST_KEY_UILaunchScreen_Generation = YES;
				INFOPLIST_KEY_UISupportedInterfaceOrientations_iPad = "UIInterfaceOrientationPortrait UIInterfaceOrientationPortraitUpsideDown UIInterfaceOrientationLandscapeLeft UIInterfaceOrientationLandscapeRight";
				INFOPLIST_KEY_UISupportedInterfaceOrientations_iPhone = "UIInterfaceOrientationPortrait UIInterfaceOrientationLandscapeLeft UIInterfaceOrientationLandscapeRight";
				LD_RUNPATH_SEARCH_PATHS = (
					"$(inherited)",
					"@executable_path/Frameworks",
				);
				MARKETING_VERSION = 1.0;
				PRODUCT_BUNDLE_IDENTIFIER = org.solutica.PunchCounter;
				PRODUCT_NAME = "$(TARGET_NAME)";
				STRING_CATALOG_GENERATE_SYMBOLS = YES;
				SWIFT_APPROACHABLE_CONCURRENCY = YES;
				SWIFT_DEFAULT_ACTOR_ISOLATION = MainActor;
				SWIFT_EMIT_LOC_STRINGS = YES;
				SWIFT_UPCOMING_FEATURE_MEMBER_IMPORT_VISIBILITY = YES;
				SWIFT_VERSION = 5.0;
				TARGETED_DEVICE_FAMILY = "1,2";
			};
			name = Release;
		};
		F3EA92B02F5AEAAE0029B8E1 /* Debug */ = {
			isa = XCBuildConfiguration;
			buildSettings = {
				ALWAYS_SEARCH_USER_PATHS = NO;
				ASSETCATALOG_COMPILER_GENERATE_SWIFT_ASSET_SYMBOL_EXTENSIONS = YES;
				CLANG_ANALYZER_NONNULL = YES;
				CLANG_ANALYZER_NUMBER_OBJECT_CONVERSION = YES_AGGRESSIVE;
				CLANG_CXX_LANGUAGE_STANDARD = "gnu++20";
				CLANG_ENABLE_MODULES = YES;
				CLANG_ENABLE_OBJC_ARC = YES;
				CLANG_ENABLE_OBJC_WEAK = YES;
				CLANG_WARN_BLOCK_CAPTURE_AUTORELEASING = YES;
				CLANG_WARN_BOOL_CONVERSION = YES;
				CLANG_WARN_COMMA = YES;
				CLANG_WARN_CONSTANT_CONVERSION = YES;
				CLANG_WARN_DEPRECATED_OBJC_IMPLEMENTATIONS = YES;
				CLANG_WARN_DIRECT_OBJC_ISA_USAGE = YES_ERROR;
				CLANG_WARN_DOCUMENTATION_COMMENTS = YES;
				CLANG_WARN_EMPTY_BODY = YES;
				CLANG_WARN_ENUM_CONVERSION = YES;
				CLANG_WARN_INFINITE_RECURSION = YES;
				CLANG_WARN_INT_CONVERSION = YES;
				CLANG_WARN_NON_LITERAL_NULL_CONVERSION = YES;
				CLANG_WARN_OBJC_IMPLICIT_RETAIN_SELF = YES;
				CLANG_WARN_OBJC_LITERAL_CONVERSION = YES;
				CLANG_WARN_OBJC_ROOT_CLASS = YES_ERROR;
				CLANG_WARN_QUOTED_INCLUDE_IN_FRAMEWORK_HEADER = YES;
				CLANG_WARN_RANGE_LOOP_ANALYSIS = YES;
				CLANG_WARN_STRICT_PROTOTYPES = YES;
				CLANG_WARN_SUSPICIOUS_MOVE = YES;
				CLANG_WARN_UNGUARDED_AVAILABILITY = YES_AGGRESSIVE;
				CLANG_WARN_UNREACHABLE_CODE = YES;
				CLANG_WARN__DUPLICATE_METHOD_MATCH = YES;
				COPY_PHASE_STRIP = NO;
				DEBUG_INFORMATION_FORMAT = dwarf;
				ENABLE_STRICT_OBJC_MSGSEND = YES;
				ENABLE_TESTABILITY = YES;
				ENABLE_USER_SCRIPT_SANDBOXING = YES;
				GCC_C_LANGUAGE_STANDARD = gnu17;
				GCC_DYNAMIC_NO_PIC = NO;
				GCC_NO_COMMON_BLOCKS = YES;
				GCC_OPTIMIZATION_LEVEL = 0;
				GCC_PREPROCESSOR_DEFINITIONS = (
					"DEBUG=1",
					"$(inherited)",
				);
				GCC_WARN_64_TO_32_BIT_CONVERSION = YES;
				GCC_WARN_ABOUT_RETURN_TYPE = YES_ERROR;
				GCC_WARN_UNDECLARED_SELECTOR = YES;
				GCC_WARN_UNINITIALIZED_AUTOS = YES_AGGRESSIVE;
				GCC_WARN_UNUSED_FUNCTION = YES;
				GCC_WARN_UNUSED_VARIABLE = YES;
				IPHONEOS_DEPLOYMENT_TARGET = 26.1;
				LOCALIZATION_PREFERS_STRING_CATALOGS = YES;
				MTL_ENABLE_DEBUG_INFO = INCLUDE_SOURCE;
				MTL_FAST_MATH = YES;
				ONLY_ACTIVE_ARCH = YES;
				SDKROOT = iphoneos;
				SWIFT_ACTIVE_COMPILATION_CONDITIONS = "DEBUG $(inherited)";
				SWIFT_OPTIMIZATION_LEVEL = "-Onone";
			};
			name = Debug;
		};
		F3EA92B12F5AEAAE0029B8E1 /* Release */ = {
			isa = XCBuildConfiguration;
			buildSettings = {
				ALWAYS_SEARCH_USER_PATHS = NO;
				ASSETCATALOG_COMPILER_GENERATE_SWIFT_ASSET_SYMBOL_EXTENSIONS = YES;
				CLANG_ANALYZER_NONNULL = YES;
				CLANG_ANALYZER_NUMBER_OBJECT_CONVERSION = YES_AGGRESSIVE;
				CLANG_CXX_LANGUAGE_STANDARD = "gnu++20";
				CLANG_ENABLE_MODULES = YES;
				CLANG_ENABLE_OBJC_ARC = YES;
				CLANG_ENABLE_OBJC_WEAK = YES;
				CLANG_WARN_BLOCK_CAPTURE_AUTORELEASING = YES;
				CLANG_WARN_BOOL_CONVERSION = YES;
				CLANG_WARN_COMMA = YES;
				CLANG_WARN_CONSTANT_CONVERSION = YES;
				CLANG_WARN_DEPRECATED_OBJC_IMPLEMENTATIONS = YES;
				CLANG_WARN_DIRECT_OBJC_ISA_USAGE = YES_ERROR;
				CLANG_WARN_DOCUMENTATION_COMMENTS = YES;
				CLANG_WARN_EMPTY_BODY = YES;
				CLANG_WARN_ENUM_CONVERSION = YES;
				CLANG_WARN_INFINITE_RECURSION = YES;
				CLANG_WARN_INT_CONVERSION = YES;
				CLANG_WARN_NON_LITERAL_NULL_CONVERSION = YES;
				CLANG_WARN_OBJC_IMPLICIT_RETAIN_SELF = YES;
				CLANG_WARN_OBJC_LITERAL_CONVERSION = YES;
				CLANG_WARN_OBJC_ROOT_CLASS = YES_ERROR;
				CLANG_WARN_QUOTED_INCLUDE_IN_FRAMEWORK_HEADER = YES;
				CLANG_WARN_RANGE_LOOP_ANALYSIS = YES;
				CLANG_WARN_STRICT_PROTOTYPES = YES;
				CLANG_WARN_SUSPICIOUS_MOVE = YES;
				CLANG_WARN_UNGUARDED_AVAILABILITY = YES_AGGRESSIVE;
				CLANG_WARN_UNREACHABLE_CODE = YES;
				CLANG_WARN__DUPLICATE_METHOD_MATCH = YES;
				COPY_PHASE_STRIP = NO;
				DEBUG_INFORMATION_FORMAT = "dwarf-with-dsym";
				ENABLE_NS_ASSERTIONS = NO;
				ENABLE_STRICT_OBJC_MSGSEND = YES;
				ENABLE_USER_SCRIPT_SANDBOXING = YES;
				GCC_C_LANGUAGE_STANDARD = gnu17;
				GCC_NO_COMMON_BLOCKS = YES;
				GCC_WARN_64_TO_32_BIT_CONVERSION = YES;
				GCC_WARN_ABOUT_RETURN_TYPE = YES_ERROR;
				GCC_WARN_UNDECLARED_SELECTOR = YES;
				GCC_WARN_UNINITIALIZED_AUTOS = YES_AGGRESSIVE;
				GCC_WARN_UNUSED_FUNCTION = YES;
				GCC_WARN_UNUSED_VARIABLE = YES;
				IPHONEOS_DEPLOYMENT_TARGET = 26.1;
				LOCALIZATION_PREFERS_STRING_CATALOGS = YES;
				MTL_ENABLE_DEBUG_INFO = NO;
				MTL_FAST_MATH = YES;
				SDKROOT = iphoneos;
				SWIFT_COMPILATION_MODE = wholemodule;
				VALIDATE_PRODUCT = YES;
			};
			name = Release;
		};
		F3EA92B32F5AEAAE0029B8E1 /* Debug */ = {
			isa = XCBuildConfiguration;
			buildSettings = {
				BUNDLE_LOADER = "$(TEST_HOST)";
				CODE_SIGN_STYLE = Automatic;
				CURRENT_PROJECT_VERSION = 1;
				GENERATE_INFOPLIST_FILE = YES;
				IPHONEOS_DEPLOYMENT_TARGET = 26.1;
				MARKETING_VERSION = 1.0;
				PRODUCT_BUNDLE_IDENTIFIER = org.solutica.PunchCounterTests;
				PRODUCT_NAME = "$(TARGET_NAME)";
				STRING_CATALOG_GENERATE_SYMBOLS = NO;
				SWIFT_APPROACHABLE_CONCURRENCY = YES;
				SWIFT_EMIT_LOC_STRINGS = NO;
				SWIFT_UPCOMING_FEATURE_MEMBER_IMPORT_VISIBILITY = YES;
				SWIFT_VERSION = 5.0;
				TARGETED_DEVICE_FAMILY = "1,2";
				TEST_HOST = "$(BUILT_PRODUCTS_DIR)/PunchCounter.app/$(BUNDLE_EXECUTABLE_FOLDER_PATH)/PunchCounter";
			};
			name = Debug;
		};
		F3EA92B42F5AEAAE0029B8E1 /* Release */ = {
			isa = XCBuildConfiguration;
			buildSettings = {
				BUNDLE_LOADER = "$(TEST_HOST)";
				CODE_SIGN_STYLE = Automatic;
				CURRENT_PROJECT_VERSION = 1;
				GENERATE_INFOPLIST_FILE = YES;
				IPHONEOS_DEPLOYMENT_TARGET = 26.1;
				MARKETING_VERSION = 1.0;
				PRODUCT_BUNDLE_IDENTIFIER = org.solutica.PunchCounterTests;
				PRODUCT_NAME = "$(TARGET_NAME)";
				STRING_CATALOG_GENERATE_SYMBOLS = NO;
				SWIFT_APPROACHABLE_CONCURRENCY = YES;
				SWIFT_EMIT_LOC_STRINGS = NO;
				SWIFT_UPCOMING_FEATURE_MEMBER_IMPORT_VISIBILITY = YES;
				SWIFT_VERSION = 5.0;
				TARGETED_DEVICE_FAMILY = "1,2";
				TEST_HOST = "$(BUILT_PRODUCTS_DIR)/PunchCounter.app/$(BUNDLE_EXECUTABLE_FOLDER_PATH)/PunchCounter";
			};
			name = Release;
		};
		F3EA92B62F5AEAAE0029B8E1 /* Debug */ = {
			isa = XCBuildConfiguration;
			buildSettings = {
				CODE_SIGN_STYLE = Automatic;
				CURRENT_PROJECT_VERSION = 1;
				GENERATE_INFOPLIST_FILE = YES;
				MARKETING_VERSION = 1.0;
				PRODUCT_BUNDLE_IDENTIFIER = org.solutica.PunchCounterUITests;
				PRODUCT_NAME = "$(TARGET_NAME)";
				STRING_CATALOG_GENERATE_SYMBOLS = NO;
				SWIFT_APPROACHABLE_CONCURRENCY = YES;
				SWIFT_EMIT_LOC_STRINGS = NO;
				SWIFT_UPCOMING_FEATURE_MEMBER_IMPORT_VISIBILITY = YES;
				SWIFT_VERSION = 5.0;
				TARGETED_DEVICE_FAMILY = "1,2";
				TEST_TARGET_NAME = PunchCounter;
			};
			name = Debug;
		};
		F3EA92B72F5AEAAE0029B8E1 /* Release */ = {
			isa = XCBuildConfiguration;
			buildSettings = {
				CODE_SIGN_STYLE = Automatic;
				CURRENT_PROJECT_VERSION = 1;
				GENERATE_INFOPLIST_FILE = YES;
				MARKETING_VERSION = 1.0;
				PRODUCT_BUNDLE_IDENTIFIER = org.solutica.PunchCounterUITests;
				PRODUCT_NAME = "$(TARGET_NAME)";
				STRING_CATALOG_GENERATE_SYMBOLS = NO;
				SWIFT_APPROACHABLE_CONCURRENCY = YES;
				SWIFT_EMIT_LOC_STRINGS = NO;
				SWIFT_UPCOMING_FEATURE_MEMBER_IMPORT_VISIBILITY = YES;
				SWIFT_VERSION = 5.0;
				TARGETED_DEVICE_FAMILY = "1,2";
				TEST_TARGET_NAME = PunchCounter;
			};
			name = Release;
		};
/* End XCBuildConfiguration section */

/* Begin XCConfigurationList section */
		F3EA92812F5AEAAC0029B8E1 /* Build configuration list for PBXProject "PunchCounter" */ = {
			isa = XCConfigurationList;
			buildConfigurations = (
				F3EA92B02F5AEAAE0029B8E1 /* Debug */,
				F3EA92B12F5AEAAE0029B8E1 /* Release */,
			);
			defaultConfigurationIsVisible = 0;
			defaultConfigurationName = Release;
		};
		F3EA92AD2F5AEAAE0029B8E1 /* Build configuration list for PBXNativeTarget "PunchCounter" */ = {
			isa = XCConfigurationList;
			buildConfigurations = (
				F3EA92AE2F5AEAAE0029B8E1 /* Debug */,
				F3EA92AF2F5AEAAE0029B8E1 /* Release */,
			);
			defaultConfigurationIsVisible = 0;
			defaultConfigurationName = Release;
		};
		F3EA92B22F5AEAAE0029B8E1 /* Build configuration list for PBXNativeTarget "PunchCounterTests" */ = {
			isa = XCConfigurationList;
			buildConfigurations = (
				F3EA92B32F5AEAAE0029B8E1 /* Debug */,
				F3EA92B42F5AEAAE0029B8E1 /* Release */,
			);
			defaultConfigurationIsVisible = 0;
			defaultConfigurationName = Release;
		};
		F3EA92B52F5AEAAE0029B8E1 /* Build configuration list for PBXNativeTarget "PunchCounterUITests" */ = {
			isa = XCConfigurationList;
			buildConfigurations = (
				F3EA92B62F5AEAAE0029B8E1 /* Debug */,
				F3EA92B72F5AEAAE0029B8E1 /* Release */,
			);
			defaultConfigurationIsVisible = 0;
			defaultConfigurationName = Release;
		};
/* End XCConfigurationList section */
	};
	rootObject = F3EA927E2F5AEAAC0029B8E1 /* Project object */;
}
